
Microsoft Visual Studio Solution File, Format Version 12.00
# Visual Studio Version 16
VisualStudioVersion = 16.0.31605.320
MinimumVisualStudioVersion = 10.0.40219.1
Project("{FAE04EC0-301F-11D3-BF4B-00C04F79EFBC}") = "CSDLPT_TN_0.1", "CSDLPT_TN_0.1.csproj", "{FF33BE11-F718-4FA5-9566-21FBBD6C1A53}"
EndProject
Global
	GlobalSection(SolutionConfigurationPlatforms) = preSolution
		Debug|Any CPU = Debug|Any CPU
		Release|Any CPU = Release|Any CPU
	EndGlobalSection
	GlobalSection(ProjectConfigurationPlatforms) = postSolution
		{FF33BE11-F718-4FA5-9566-21FBBD6C1A53}.Debug|Any CPU.ActiveCfg = Debug|Any CPU
		{FF33BE11-F718-4FA5-9566-21FBBD6C1A53}.Debug|Any CPU.Build.0 = Debug|Any CPU
		{FF33BE11-F718-4FA5-9566-21FBBD6C1A53}.Release|Any CPU.ActiveCfg = Release|Any CPU
		{FF33BE11-F718-4FA5-9566-21FBBD6C1A53}.Release|Any CPU.Build.0 = Release|Any CPU
	EndGlobalSection
	GlobalSection(SolutionProperties) = preSolution
		HideSolutionNode = FALSE
	EndGlobalSection
	GlobalSection(ExtensibilityGlobals) = postSolution
		SolutionGuid = {5D691EFD-EC92-48B5-B322-9E16D28BA10A}
	EndGlobalSection
EndGlobal
